<?xml version="1.0" encoding="utf-8"?>
<Project ToolsVersion="4.0" xmlns="http://schemas.microsoft.com/developer/msbuild/2003">
  <ItemGroup>
    <Filter Include="src">
      <UniqueIdentifier>{eb86fd26-80e7-43f0-b647-c96e46a198f0}</UniqueIdentifier>
    </Filter>
    <Filter Include="src\mapper">
      <UniqueIdentifier>{243c242f-2bf7-4f6c-a99c-302e6b8033a3}</UniqueIdentifier>
    </Filter>
    <Filter Include="src\util">
      <UniqueIdentifier>{9f406661-cc75-45da-9b1e-a340a027e68a}</UniqueIdentifier>
    </Filter>
    <Filter Include="src\mapper\ILP">
      <UniqueIdentifier>{e78f8c80-aee3-4e07-a456-1af33bae8d0f}</UniqueIdentifier>
    </Filter>
    <Filter Include="src\mapper\simulate_anneal">
      <UniqueIdentifier>{008dc975-aaf9-4dc4-a491-eee563e2d26e}</UniqueIdentifier>
    </Filter>
    <Filter Include="src\mapper\graph_traversal">
      <UniqueIdentifier>{761cde92-82bd-40b4-8672-02b03248f130}</UniqueIdentifier>
    </Filter>
    <Filter Include="IR">
      <UniqueIdentifier>{4cecc739-7d82-4c36-8643-81e1877495f8}</UniqueIdentifier>
    </Filter>
    <Filter Include="src\define">
      <UniqueIdentifier>{0626d718-6c9d-498a-83af-5c136c92aa4c}</UniqueIdentifier>
    </Filter>
    <Filter Include="src\resource">
      <UniqueIdentifier>{992fa409-3f80-417e-89de-a6f942d3a331}</UniqueIdentifier>
    </Filter>
    <Filter Include="src\common">
      <UniqueIdentifier>{3f4dc042-7487-4753-b361-3c14ba716020}</UniqueIdentifier>
    </Filter>
    <Filter Include="src\mapper\template_match">
      <UniqueIdentifier>{83635f20-5135-4dac-b3e3-e02d288becc9}</UniqueIdentifier>
    </Filter>
    <Filter Include="src\mapper\routing">
      <UniqueIdentifier>{ad894d9e-46c1-4826-97f3-2f10c545d307}</UniqueIdentifier>
    </Filter>
    <Filter Include="src\resource\arch">
      <UniqueIdentifier>{74e269bc-9f3d-45e4-a54c-320a7bd6a1ea}</UniqueIdentifier>
    </Filter>
    <Filter Include="src\resource\preprocess">
      <UniqueIdentifier>{259809b8-8a2a-4d2f-974a-3ed2071804a8}</UniqueIdentifier>
    </Filter>
    <Filter Include="src\resource\resource_graph">
      <UniqueIdentifier>{a8a29980-fe7b-4e3b-8cfc-dea9c076114d}</UniqueIdentifier>
    </Filter>
    <Filter Include="src\resource\app_graph">
      <UniqueIdentifier>{59b2b36b-e9cf-4fe9-a129-9ae097ba7aa4}</UniqueIdentifier>
    </Filter>
    <Filter Include="lib">
      <UniqueIdentifier>{c0d2dfd8-3aaf-45fe-a0a7-373833b2dfdc}</UniqueIdentifier>
    </Filter>
    <Filter Include="lib\Eigen">
      <UniqueIdentifier>{785c482a-effb-4dc9-8e10-da873fd72526}</UniqueIdentifier>
    </Filter>
    <Filter Include="lib\metis">
      <UniqueIdentifier>{a9024807-8dc7-4a4c-bcb2-703f39b3cd03}</UniqueIdentifier>
    </Filter>
    <Filter Include="lib\tinyxml2">
      <UniqueIdentifier>{de2201b7-b014-4bd8-9cf2-a26782ae547a}</UniqueIdentifier>
    </Filter>
  </ItemGroup>
  <ItemGroup>
    <ClInclude Include="src\util\ReadFile.hpp">
      <Filter>src\util</Filter>
    </ClInclude>
    <ClInclude Include="src\util\util.hpp">
      <Filter>src\util</Filter>
    </ClInclude>
    <ClInclude Include="src\define\define.hpp">
      <Filter>src\define</Filter>
    </ClInclude>
    <ClInclude Include="src\resource\dfg.h">
      <Filter>src\resource</Filter>
    </ClInclude>
    <ClInclude Include="src\common\dfg_tool.h">
      <Filter>src\common</Filter>
    </ClInclude>
    <ClInclude Include="src\common\enum_converter.hpp">
      <Filter>src\common</Filter>
    </ClInclude>
    <ClInclude Include="src\common\enum_definition.hpp">
      <Filter>src\common</Filter>
    </ClInclude>
    <ClInclude Include="src\resource\arch\arch_block_net.hpp">
      <Filter>src\resource\arch</Filter>
    </ClInclude>
    <ClInclude Include="src\resource\arch\para.hpp">
      <Filter>src\resource\arch</Filter>
    </ClInclude>
    <ClInclude Include="src\resource\preprocess\preprocess.h">
      <Filter>src\resource\preprocess</Filter>
    </ClInclude>
    <ClInclude Include="src\util\cord.hpp">
      <Filter>src\util</Filter>
    </ClInclude>
    <ClInclude Include="src\resource\resource_graph\pr_res_graph.h">
      <Filter>src\resource\resource_graph</Filter>
    </ClInclude>
    <ClInclude Include="src\resource\resource_graph\pr_res_graph_element.h">
      <Filter>src\resource\resource_graph</Filter>
    </ClInclude>
    <ClInclude Include="src\resource\resource_graph\pr_res_graph_monitor.h">
      <Filter>src\resource\resource_graph</Filter>
    </ClInclude>
    <ClInclude Include="src\define\global.hpp">
      <Filter>src\define</Filter>
    </ClInclude>
    <ClInclude Include="src\resource\app_graph\app_graph.h">
      <Filter>src\resource\app_graph</Filter>
    </ClInclude>
    <ClInclude Include="src\common\logger.h">
      <Filter>src\common</Filter>
    </ClInclude>
    <ClInclude Include="src\util\Timer.hpp">
      <Filter>src\util</Filter>
    </ClInclude>
    <ClInclude Include="lib\tinyxml2\tinyxml2.h">
      <Filter>lib\tinyxml2</Filter>
    </ClInclude>
    <ClInclude Include="lib\metis\metis.h">
      <Filter>lib\metis</Filter>
    </ClInclude>
    <ClInclude Include="src\util\mathAssist.hpp">
      <Filter>src\util</Filter>
    </ClInclude>
    <ClInclude Include="src\util\Log.hpp">
      <Filter>src\util</Filter>
    </ClInclude>
    <ClInclude Include="src\mapper\simulate_anneal\placementBase.hpp">
      <Filter>src\mapper\simulate_anneal</Filter>
    </ClInclude>
    <ClInclude Include="src\mapper\simulate_anneal\placementMain.hpp">
      <Filter>src\mapper\simulate_anneal</Filter>
    </ClInclude>
    <ClInclude Include="src\mapper\simulate_anneal\placementPara.hpp">
      <Filter>src\mapper\simulate_anneal</Filter>
    </ClInclude>
    <ClInclude Include="src\mapper\simulate_anneal\placementPattern.hpp">
      <Filter>src\mapper\simulate_anneal</Filter>
    </ClInclude>
    <ClInclude Include="src\mapper\routing\routingBase.hpp">
      <Filter>src\mapper\routing</Filter>
    </ClInclude>
    <ClInclude Include="src\mapper\routing\routingMain.hpp">
      <Filter>src\mapper\routing</Filter>
    </ClInclude>
    <ClInclude Include="src\resource\arch\arch_generation.h">
      <Filter>src\resource\arch</Filter>
    </ClInclude>
  </ItemGroup>
  <ItemGroup>
    <ClCompile Include="src\main.cpp">
      <Filter>src</Filter>
    </ClCompile>
    <ClCompile Include="src\resource\dfg.cpp">
      <Filter>src\resource</Filter>
    </ClCompile>
    <ClCompile Include="src\common\dfg_tool.cpp">
      <Filter>src\common</Filter>
    </ClCompile>
    <ClCompile Include="src\resource\preprocess\preprocess.cpp">
      <Filter>src\resource\preprocess</Filter>
    </ClCompile>
    <ClCompile Include="src\resource\resource_graph\pr_res_graph.cpp">
      <Filter>src\resource\resource_graph</Filter>
    </ClCompile>
    <ClCompile Include="src\resource\resource_graph\pr_res_graph_element.cpp">
      <Filter>src\resource\resource_graph</Filter>
    </ClCompile>
    <ClCompile Include="src\resource\resource_graph\pr_res_graph_monitor.cpp">
      <Filter>src\resource\resource_graph</Filter>
    </ClCompile>
    <ClCompile Include="src\resource\app_graph\app_graph.cpp">
      <Filter>src\resource\app_graph</Filter>
    </ClCompile>
    <ClCompile Include="src\common\logger.cpp">
      <Filter>src\common</Filter>
    </ClCompile>
    <ClCompile Include="lib\tinyxml2\tinyxml2.cpp">
      <Filter>lib\tinyxml2</Filter>
    </ClCompile>
    <ClCompile Include="src\resource\arch\arch_generation.cpp">
      <Filter>src\resource\arch</Filter>
    </ClCompile>
  </ItemGroup>
  <ItemGroup>
    <None Include="IR\backprop.ll">
      <Filter>IR</Filter>
    </None>
    <None Include="IR\gemm.ll">
      <Filter>IR</Filter>
    </None>
    <None Include="lib\Eigen\Cholesky">
      <Filter>lib\Eigen</Filter>
    </None>
    <None Include="lib\Eigen\CholmodSupport">
      <Filter>lib\Eigen</Filter>
    </None>
    <None Include="lib\Eigen\Core">
      <Filter>lib\Eigen</Filter>
    </None>
    <None Include="lib\Eigen\Dense">
      <Filter>lib\Eigen</Filter>
    </None>
    <None Include="lib\Eigen\Eigen">
      <Filter>lib\Eigen</Filter>
    </None>
    <None Include="lib\Eigen\Eigenvalues">
      <Filter>lib\Eigen</Filter>
    </None>
    <None Include="lib\Eigen\Geometry">
      <Filter>lib\Eigen</Filter>
    </None>
    <None Include="lib\Eigen\Householder">
      <Filter>lib\Eigen</Filter>
    </None>
    <None Include="lib\Eigen\IterativeLinearSolvers">
      <Filter>lib\Eigen</Filter>
    </None>
    <None Include="lib\Eigen\Jacobi">
      <Filter>lib\Eigen</Filter>
    </None>
    <None Include="lib\Eigen\LU">
      <Filter>lib\Eigen</Filter>
    </None>
    <None Include="lib\Eigen\MetisSupport">
      <Filter>lib\Eigen</Filter>
    </None>
    <None Include="lib\Eigen\OrderingMethods">
      <Filter>lib\Eigen</Filter>
    </None>
    <None Include="lib\Eigen\PardisoSupport">
      <Filter>lib\Eigen</Filter>
    </None>
    <None Include="lib\Eigen\PaStiXSupport">
      <Filter>lib\Eigen</Filter>
    </None>
    <None Include="lib\Eigen\QR">
      <Filter>lib\Eigen</Filter>
    </None>
    <None Include="lib\Eigen\QtAlignedMalloc">
      <Filter>lib\Eigen</Filter>
    </None>
    <None Include="lib\Eigen\Sparse">
      <Filter>lib\Eigen</Filter>
    </None>
    <None Include="lib\Eigen\SparseCholesky">
      <Filter>lib\Eigen</Filter>
    </None>
    <None Include="lib\Eigen\SparseCore">
      <Filter>lib\Eigen</Filter>
    </None>
    <None Include="lib\Eigen\SparseLU">
      <Filter>lib\Eigen</Filter>
    </None>
    <None Include="lib\Eigen\SparseQR">
      <Filter>lib\Eigen</Filter>
    </None>
    <None Include="lib\Eigen\SPQRSupport">
      <Filter>lib\Eigen</Filter>
    </None>
    <None Include="lib\Eigen\StdDeque">
      <Filter>lib\Eigen</Filter>
    </None>
    <None Include="lib\Eigen\StdList">
      <Filter>lib\Eigen</Filter>
    </None>
    <None Include="lib\Eigen\StdVector">
      <Filter>lib\Eigen</Filter>
    </None>
    <None Include="lib\Eigen\SuperLUSupport">
      <Filter>lib\Eigen</Filter>
    </None>
    <None Include="lib\Eigen\SVD">
      <Filter>lib\Eigen</Filter>
    </None>
    <None Include="lib\Eigen\UmfPackSupport">
      <Filter>lib\Eigen</Filter>
    </None>
  </ItemGroup>
  <ItemGroup>
    <Xml Include="src\resource\arch\arch_config.xml">
      <Filter>src\resource\arch</Filter>
    </Xml>
  </ItemGroup>
  <ItemGroup>
    <Library Include="lib\metis\metis.lib">
      <Filter>lib\metis</Filter>
    </Library>
  </ItemGroup>
</Project>