<?xml version="1.0" encoding="utf-8"?>
<Project ToolsVersion="4.0" xmlns="http://schemas.microsoft.com/developer/msbuild/2003">
  <ItemGroup>
    <ClCompile Include="src\main.cpp" />
    <ClCompile Include="src\common\dfg_tool.cpp">
      <Filter>src\common</Filter>
    </ClCompile>
    <ClCompile Include="src\resource\dfg.cpp">
      <Filter>src\resource</Filter>
    </ClCompile>
    <ClCompile Include="src\resource\arch\preprocess.cpp">
      <Filter>src\resource\arch</Filter>
    </ClCompile>
    <ClCompile Include="src\tinyxml2\tinyxml2.cpp">
      <Filter>src\tinyxml2</Filter>
    </ClCompile>
    <ClCompile Include="src\resource\app_set.cpp">
      <Filter>src\resource</Filter>
    </ClCompile>
    <ClCompile Include="src\common\logger.cpp">
      <Filter>src\common</Filter>
    </ClCompile>
  </ItemGroup>
  <ItemGroup>
    <ClInclude Include="src\common\dfg_tool.h">
      <Filter>src\common</Filter>
    </ClInclude>
    <ClInclude Include="src\common\enum_converter.hpp">
      <Filter>src\common</Filter>
    </ClInclude>
    <ClInclude Include="src\common\enum_definition.hpp">
      <Filter>src\common</Filter>
    </ClInclude>
    <ClInclude Include="src\define\global.hpp">
      <Filter>src\define</Filter>
    </ClInclude>
    <ClInclude Include="src\define\define.hpp">
      <Filter>src\define</Filter>
    </ClInclude>
    <ClInclude Include="src\resource\dfg.h">
      <Filter>src\resource</Filter>
    </ClInclude>
    <ClInclude Include="src\resource\arch\arch_block_net.hpp">
      <Filter>src\resource\arch</Filter>
    </ClInclude>
    <ClInclude Include="src\resource\arch\para.hpp">
      <Filter>src\resource\arch</Filter>
    </ClInclude>
    <ClInclude Include="src\resource\arch\preprocess.h">
      <Filter>src\resource\arch</Filter>
    </ClInclude>
    <ClInclude Include="src\tinyxml2\tinyxml2.h">
      <Filter>src\tinyxml2</Filter>
    </ClInclude>
    <ClInclude Include="src\util\cord.hpp">
      <Filter>src\util</Filter>
    </ClInclude>
    <ClInclude Include="src\util\ReadFile.hpp">
      <Filter>src\util</Filter>
    </ClInclude>
    <ClInclude Include="src\util\util.hpp">
      <Filter>src\util</Filter>
    </ClInclude>
    <ClInclude Include="src\resource\app_set.h">
      <Filter>src\resource</Filter>
    </ClInclude>
    <ClInclude Include="src\common\logger.h">
      <Filter>src\common</Filter>
    </ClInclude>
  </ItemGroup>
  <ItemGroup>
    <None Include="IR\bfs_bulk.ll">
      <Filter>IR</Filter>
    </None>
    <None Include="IR\bfs_queue.ll">
      <Filter>IR</Filter>
    </None>
    <None Include="IR\fft_strided.ll">
      <Filter>IR</Filter>
    </None>
    <None Include="IR\fft_transpose.ll">
      <Filter>IR</Filter>
    </None>
    <None Include="IR\gemm_blocked.ll">
      <Filter>IR</Filter>
    </None>
    <None Include="IR\gemm_ncube.ll">
      <Filter>IR</Filter>
    </None>
    <None Include="IR\kmp.ll">
      <Filter>IR</Filter>
    </None>
    <None Include="IR\md_grid.ll">
      <Filter>IR</Filter>
    </None>
    <None Include="IR\nw.ll">
      <Filter>IR</Filter>
    </None>
    <None Include="IR\sort_merge.ll">
      <Filter>IR</Filter>
    </None>
    <None Include="IR\sort_radix.ll">
      <Filter>IR</Filter>
    </None>
    <None Include="IR\spmv_crs.ll">
      <Filter>IR</Filter>
    </None>
    <None Include="IR\spmv_ellpack.ll">
      <Filter>IR</Filter>
    </None>
    <None Include="IR\stencil_2d.ll">
      <Filter>IR</Filter>
    </None>
    <None Include="IR\stencil_3d.ll">
      <Filter>IR</Filter>
    </None>
    <None Include="IR\viterbi.ll">
      <Filter>IR</Filter>
    </None>
    <None Include="IR\md_knn.ll">
      <Filter>IR</Filter>
    </None>
  </ItemGroup>
  <ItemGroup>
    <Text Include="result\log.txt">
      <Filter>result</Filter>
    </Text>
  </ItemGroup>
</Project>
