<?xml version="1.0" encoding="utf-8"?>
<Project ToolsVersion="4.0" xmlns="http://schemas.microsoft.com/developer/msbuild/2003">
  <ItemGroup>
    <ClCompile Include="src\main.cpp" />
    <ClCompile Include="src\common\dfg_tool.cpp">
      <Filter>src\common</Filter>
    </ClCompile>
    <ClCompile Include="src\resource\dfg.cpp">
      <Filter>src\resource</Filter>
    </ClCompile>
    <ClCompile Include="src\tinyxml2\tinyxml2.cpp">
      <Filter>src\tinyxml2</Filter>
    </ClCompile>
    <ClCompile Include="src\resource\app_set.cpp">
      <Filter>src\resource</Filter>
    </ClCompile>
    <ClCompile Include="src\common\logger.cpp">
      <Filter>src\common</Filter>
    </ClCompile>
  </ItemGroup>
  <ItemGroup>
    <ClInclude Include="src\common\dfg_tool.h">
      <Filter>src\common</Filter>
    </ClInclude>
    <ClInclude Include="src\common\enum_converter.hpp">
      <Filter>src\common</Filter>
    </ClInclude>
    <ClInclude Include="src\common\enum_definition.hpp">
      <Filter>src\common</Filter>
    </ClInclude>
    <ClInclude Include="src\define\define.hpp">
      <Filter>src\define</Filter>
    </ClInclude>
    <ClInclude Include="src\resource\dfg.h">
      <Filter>src\resource</Filter>
    </ClInclude>
    <ClInclude Include="src\tinyxml2\tinyxml2.h">
      <Filter>src\tinyxml2</Filter>
    </ClInclude>
    <ClInclude Include="src\util\cord.hpp">
      <Filter>src\util</Filter>
    </ClInclude>
    <ClInclude Include="src\util\ReadFile.hpp">
      <Filter>src\util</Filter>
    </ClInclude>
    <ClInclude Include="src\util\util.hpp">
      <Filter>src\util</Filter>
    </ClInclude>
    <ClInclude Include="src\resource\app_set.h">
      <Filter>src\resource</Filter>
    </ClInclude>
    <ClInclude Include="src\common\logger.h">
      <Filter>src\common</Filter>
    </ClInclude>
  </ItemGroup>
  <ItemGroup>
    <Filter Include="src">
      <UniqueIdentifier>{0eed52f9-ebb8-4a2a-a71b-ba2368256692}</UniqueIdentifier>
    </Filter>
    <Filter Include="IR">
      <UniqueIdentifier>{c319a2da-81e7-48da-8fab-60524f908604}</UniqueIdentifier>
    </Filter>
    <Filter Include="src\util">
      <UniqueIdentifier>{1515cea8-77b2-461a-b780-ec97fc38d133}</UniqueIdentifier>
    </Filter>
    <Filter Include="src\tinyxml2">
      <UniqueIdentifier>{b449d12a-b3ea-4e9a-a9ac-db3785c93dc0}</UniqueIdentifier>
    </Filter>
    <Filter Include="src\resource">
      <UniqueIdentifier>{2c0e62f4-45d3-44ee-8443-af572671a7ad}</UniqueIdentifier>
    </Filter>
    <Filter Include="src\mapper">
      <UniqueIdentifier>{be73175d-7f91-49a6-b99c-a3eb68c15b67}</UniqueIdentifier>
    </Filter>
    <Filter Include="src\define">
      <UniqueIdentifier>{7d936471-d06c-4726-9c70-85e2cbbbac61}</UniqueIdentifier>
    </Filter>
    <Filter Include="src\common">
      <UniqueIdentifier>{10907690-f4b2-4f7b-821d-96daf201e997}</UniqueIdentifier>
    </Filter>
    <Filter Include="src\mapper\graph_traversal">
      <UniqueIdentifier>{0ec4034c-3359-4d29-9673-401dfe09a800}</UniqueIdentifier>
    </Filter>
    <Filter Include="src\mapper\ilp">
      <UniqueIdentifier>{35983675-fab1-4c79-a803-907ce1e3eded}</UniqueIdentifier>
    </Filter>
    <Filter Include="src\mapper\routing">
      <UniqueIdentifier>{2038e980-f07a-4a9b-9c75-58f2b1985514}</UniqueIdentifier>
    </Filter>
    <Filter Include="src\mapper\simulate_anneal">
      <UniqueIdentifier>{391fdf5d-cd94-42f6-99c1-6dad4ae05328}</UniqueIdentifier>
    </Filter>
    <Filter Include="src\mapper\template_match">
      <UniqueIdentifier>{bc26ab61-6a41-43e3-b3bc-8af688f89dcc}</UniqueIdentifier>
    </Filter>
    <Filter Include="src\resource\arch">
      <UniqueIdentifier>{1837f761-fe67-4891-afe1-ba2a25dbbbe7}</UniqueIdentifier>
    </Filter>
    <Filter Include="result">
      <UniqueIdentifier>{c547a6a0-b9af-4ba7-a5e2-a762977b81d6}</UniqueIdentifier>
    </Filter>
  </ItemGroup>
  <ItemGroup>
    <None Include="IR\backprop.ll">
      <Filter>IR</Filter>
    </None>
    <None Include="IR\bfs_bulk.ll">
      <Filter>IR</Filter>
    </None>
    <None Include="IR\bfs_queue.ll">
      <Filter>IR</Filter>
    </None>
    <None Include="IR\fft_strided.ll">
      <Filter>IR</Filter>
    </None>
    <None Include="IR\fft_transpose.ll">
      <Filter>IR</Filter>
    </None>
    <None Include="IR\gemm_blocked.ll">
      <Filter>IR</Filter>
    </None>
    <None Include="IR\kmp.ll">
      <Filter>IR</Filter>
    </None>
    <None Include="IR\md_grid.ll">
      <Filter>IR</Filter>
    </None>
    <None Include="IR\nw.ll">
      <Filter>IR</Filter>
    </None>
    <None Include="IR\sort_merge.ll">
      <Filter>IR</Filter>
    </None>
    <None Include="IR\sort_radix.ll">
      <Filter>IR</Filter>
    </None>
    <None Include="IR\spmv_crs.ll">
      <Filter>IR</Filter>
    </None>
    <None Include="IR\spmv_ellpack.ll">
      <Filter>IR</Filter>
    </None>
    <None Include="IR\stencil_2d.ll">
      <Filter>IR</Filter>
    </None>
    <None Include="IR\stencil_3d.ll">
      <Filter>IR</Filter>
    </None>
    <None Include="IR\viterbi.ll">
      <Filter>IR</Filter>
    </None>
    <None Include="IR\md_knn.ll">
      <Filter>IR</Filter>
    </None>
    <None Include="IR\aes.ll">
      <Filter>IR</Filter>
    </None>
  </ItemGroup>
  <ItemGroup>
    <Text Include="result\log.txt">
      <Filter>result</Filter>
    </Text>
  </ItemGroup>
</Project>